schema: '2.0'
stages:
  LoadEnzymeML:
    cmd: "python3 -c \"from src.load import LoadEnzymeML; LoadEnzymeML.load(name='LoadEnzymeML').run_and_save()\"\
      \ "
    params:
      params.yaml:
        LoadEnzymeML:
          path: Ethanol_Formation_Simulated.omex
    outs:
    - path: nodes/LoadEnzymeML/outs.json
      md5: 3ae05f7070d07fc0c6a44d938c028a9b
      size: 56648
  Pyruvate Decarboxylation:
    cmd: "python3 -c \"from src.model import Model; Model.load(name='Pyruvate Decarboxylation').run_and_save()\"\
      \ "
    deps:
    - path: nodes/LoadEnzymeML/outs.json
      md5: 3ae05f7070d07fc0c6a44d938c028a9b
      size: 56648
    params:
      params.yaml:
        Pyruvate Decarboxylation:
          config:
            Km:
              initial_value: 20.0
              lower: 1e-07
              unit: mmole / l
              upper: 30.0
              value: 20.0
            kcat:
              initial_value: 5.0
              lower: 1e-07
              unit: 1 / min
              upper: 15.0
              value: 5.0
          equation: kcat * p0 * s1 / (s1 + Km)
          reaction: r0
    outs:
    - path: nodes/Pyruvate Decarboxylation/outs.json
      md5: e31b7b5b9cb17369aecb0c84a1ed1356
      size: 62008
  Ethanol formation:
    cmd: "python3 -c \"from src.model import Model; Model.load(name='Ethanol formation').run_and_save()\"\
      \ "
    deps:
    - path: nodes/Pyruvate Decarboxylation/outs.json
      md5: e31b7b5b9cb17369aecb0c84a1ed1356
      size: 62008
    params:
      params.yaml:
        Ethanol formation:
          config:
            Km:
              initial_value: 50.0
              lower: 1e-07
              unit: mmole / l
              upper: 60.0
              value: 50.0
            kcat:
              initial_value: 3.0
              lower: 1e-07
              unit: 1 / min
              upper: 13.0
              value: 3.0
            Kp:
              initial_value: 3.0
              lower: 1e-07
              unit: mmole / l
              upper: 6.0
              value: 3.0
          equation: kcat * p1 * s0 / (s0 + (s1 / Kp) + Km)
          reaction: r1
    outs:
    - path: nodes/Ethanol formation/outs.json
      md5: f6e7f408d70213f07910b630a5fec9a4
      size: 63576
  ParameterEstimation:
    cmd: "python3 -c \"from src.estimation import ParameterEstimation; ParameterEstimation.load(name='ParameterEstimation').run_and_save()\"\
      \ "
    deps:
    - path: nodes/Ethanol formation/outs.json
      md5: f6e7f408d70213f07910b630a5fec9a4
      size: 63576
    params:
      params.yaml:
        ParameterEstimation:
          thinlayer: pysces
    outs:
    - path: nodes/ParameterEstimation/metrics_no_cache.json
      md5: b9e5ef042b93c4852b781b536c0d7ed9
      size: 433
