schema: '2.0'
stages:
  LoadEnzymeML:
    cmd: "python3 -c \"from src.load import LoadEnzymeML; LoadEnzymeML.load(name='LoadEnzymeML').run_and_save()\"\
      \ "
    params:
      params.yaml:
        LoadEnzymeML:
          path: Ethanol_Formation_Simulated.omex
    outs:
    - path: nodes/LoadEnzymeML/outs.json
      md5: d40b1065b77684f020b6752ea68fce3c
      size: 56648
  Pyruvate Decarboxylation:
    cmd: "python3 -c \"from src.model import Model; Model.load(name='Pyruvate Decarboxylation').run_and_save()\"\
      \ "
    deps:
    - path: nodes/LoadEnzymeML/outs.json
      md5: d40b1065b77684f020b6752ea68fce3c
      size: 56648
    params:
      params.yaml:
        Pyruvate Decarboxylation:
          config:
            Km:
              initial_value: 20.0
              lower: 1e-07
              unit: mmole / l
              upper: 30.0
              value: 20.0
            kcat:
              initial_value: 5.0
              lower: 1e-07
              unit: 1 / min
              upper: 15.0
              value: 5.0
          equation: kcat * p0 * s1 / (s1 + Km)
          reaction: r0
    outs:
    - path: nodes/Pyruvate Decarboxylation/outs.json
      md5: 825eddf1b0c6d2431f9b991c92292bfd
      size: 62008
  Ethanol formation:
    cmd: "python3 -c \"from src.model import Model; Model.load(name='Ethanol formation').run_and_save()\"\
      \ "
    deps:
    - path: nodes/Pyruvate Decarboxylation/outs.json
      md5: 825eddf1b0c6d2431f9b991c92292bfd
      size: 62008
    params:
      params.yaml:
        Ethanol formation:
          config:
            Km:
              initial_value: 50.0
              lower: 1e-07
              unit: mmole / l
              upper: 60.0
              value: 50.0
            kcat:
              initial_value: 3.0
              lower: 1e-07
              unit: 1 / min
              upper: 13.0
              value: 3.0
          equation: kcat * p1 * s0 / (s0 + Km)
          reaction: r1
    outs:
    - path: nodes/Ethanol formation/outs.json
      md5: 9da7af9f4266cbdbe0bdcb9c184b5773
      size: 62568
  ParameterEstimation:
    cmd: "python3 -c \"from src.estimation import ParameterEstimation; ParameterEstimation.load(name='ParameterEstimation').run_and_save()\"\
      \ "
    deps:
    - path: nodes/Ethanol formation/outs.json
      md5: 9da7af9f4266cbdbe0bdcb9c184b5773
      size: 62568
    params:
      params.yaml:
        ParameterEstimation:
          thinlayer: pysces
    outs:
    - path: nodes/ParameterEstimation/metrics_no_cache.json
      md5: 5bfd1c973fe1f023dc45d50f88968110
      size: 352
